// !$*UTF8*$!
{
	archiveVersion = 1;
	classes = {
	};
	objectVersion = 48;
	objects = {

/* Begin PBXBuildFile section */
		3728ED141EEB94B900582BD8 /* main.swift in Sources */ = {isa = PBXBuildFile; fileRef = 3728ED131EEB94B900582BD8 /* main.swift */; };
		3728ED1B1EEB951500582BD8 /* Chapter1Basics.swift in Sources */ = {isa = PBXBuildFile; fileRef = 3728ED1A1EEB951500582BD8 /* Chapter1Basics.swift */; };
		3728ED1D1EEBC88200582BD8 /* Chapter2BasicOperators.swift in Sources */ = {isa = PBXBuildFile; fileRef = 3728ED1C1EEBC88200582BD8 /* Chapter2BasicOperators.swift */; };
		3728ED1F1EEBD25C00582BD8 /* Chapter3StringsAndCharacters.swift in Sources */ = {isa = PBXBuildFile; fileRef = 3728ED1E1EEBD25C00582BD8 /* Chapter3StringsAndCharacters.swift */; };
		3728ED211EEBD87300582BD8 /* Chapter4CollectionTypes.swift in Sources */ = {isa = PBXBuildFile; fileRef = 3728ED201EEBD87300582BD8 /* Chapter4CollectionTypes.swift */; };
		9D44CD281EEE6E450008B2F3 /* Chapter5ControlFlow.swift in Sources */ = {isa = PBXBuildFile; fileRef = 9D44CD271EEE6E450008B2F3 /* Chapter5ControlFlow.swift */; };
		9D44CD2A1EEE80F80008B2F3 /* Chapter6Functions.swift in Sources */ = {isa = PBXBuildFile; fileRef = 9D44CD291EEE80F80008B2F3 /* Chapter6Functions.swift */; };
/* End PBXBuildFile section */

/* Begin PBXCopyFilesBuildPhase section */
		3728ED0E1EEB94B900582BD8 /* CopyFiles */ = {
			isa = PBXCopyFilesBuildPhase;
			buildActionMask = 2147483647;
			dstPath = /usr/share/man/man1/;
			dstSubfolderSpec = 0;
			files = (
			);
			runOnlyForDeploymentPostprocessing = 1;
		};
/* End PBXCopyFilesBuildPhase section */

/* Begin PBXFileReference section */
		3728ED101EEB94B900582BD8 /* Swift4CommandLine */ = {isa = PBXFileReference; explicitFileType = "compiled.mach-o.executable"; includeInIndex = 0; path = Swift4CommandLine; sourceTree = BUILT_PRODUCTS_DIR; };
		3728ED131EEB94B900582BD8 /* main.swift */ = {isa = PBXFileReference; lastKnownFileType = sourcecode.swift; path = main.swift; sourceTree = "<group>"; };
		3728ED1A1EEB951500582BD8 /* Chapter1Basics.swift */ = {isa = PBXFileReference; lastKnownFileType = sourcecode.swift; path = Chapter1Basics.swift; sourceTree = "<group>"; };
		3728ED1C1EEBC88200582BD8 /* Chapter2BasicOperators.swift */ = {isa = PBXFileReference; lastKnownFileType = sourcecode.swift; path = Chapter2BasicOperators.swift; sourceTree = "<group>"; };
		3728ED1E1EEBD25C00582BD8 /* Chapter3StringsAndCharacters.swift */ = {isa = PBXFileReference; lastKnownFileType = sourcecode.swift; path = Chapter3StringsAndCharacters.swift; sourceTree = "<group>"; };
		3728ED201EEBD87300582BD8 /* Chapter4CollectionTypes.swift */ = {isa = PBXFileReference; lastKnownFileType = sourcecode.swift; path = Chapter4CollectionTypes.swift; sourceTree = "<group>"; };
		9D44CD271EEE6E450008B2F3 /* Chapter5ControlFlow.swift */ = {isa = PBXFileReference; lastKnownFileType = sourcecode.swift; path = Chapter5ControlFlow.swift; sourceTree = "<group>"; };
		9D44CD291EEE80F80008B2F3 /* Chapter6Functions.swift */ = {isa = PBXFileReference; lastKnownFileType = sourcecode.swift; path = Chapter6Functions.swift; sourceTree = "<group>"; };
/* End PBXFileReference section */

/* Begin PBXFrameworksBuildPhase section */
		3728ED0D1EEB94B900582BD8 /* Frameworks */ = {
			isa = PBXFrameworksBuildPhase;
			buildActionMask = 2147483647;
			files = (
			);
			runOnlyForDeploymentPostprocessing = 0;
		};
/* End PBXFrameworksBuildPhase section */

/* Begin PBXGroup section */
		3728ED071EEB94B900582BD8 = {
			isa = PBXGroup;
			children = (
				3728ED121EEB94B900582BD8 /* Swift4CommandLine */,
				3728ED111EEB94B900582BD8 /* Products */,
			);
			sourceTree = "<group>";
		};
		3728ED111EEB94B900582BD8 /* Products */ = {
			isa = PBXGroup;
			children = (
				3728ED101EEB94B900582BD8 /* Swift4CommandLine */,
			);
			name = Products;
			sourceTree = "<group>";
		};
		3728ED121EEB94B900582BD8 /* Swift4CommandLine */ = {
			isa = PBXGroup;
			children = (
				3728ED131EEB94B900582BD8 /* main.swift */,
				3728ED1A1EEB951500582BD8 /* Chapter1Basics.swift */,
				3728ED1C1EEBC88200582BD8 /* Chapter2BasicOperators.swift */,
				3728ED1E1EEBD25C00582BD8 /* Chapter3StringsAndCharacters.swift */,
				3728ED201EEBD87300582BD8 /* Chapter4CollectionTypes.swift */,
				9D44CD271EEE6E450008B2F3 /* Chapter5ControlFlow.swift */,
				9D44CD291EEE80F80008B2F3 /* Chapter6Functions.swift */,
			);
			path = Swift4CommandLine;
			sourceTree = "<group>";
		};
/* End PBXGroup section */

/* Begin PBXNativeTarget section */
		3728ED0F1EEB94B900582BD8 /* Swift4CommandLine */ = {
			isa = PBXNativeTarget;
			buildConfigurationList = 3728ED171EEB94B900582BD8 /* Build configuration list for PBXNativeTarget "Swift4CommandLine" */;
			buildPhases = (
				3728ED0C1EEB94B900582BD8 /* Sources */,
				3728ED0D1EEB94B900582BD8 /* Frameworks */,
				3728ED0E1EEB94B900582BD8 /* CopyFiles */,
			);
			buildRules = (
			);
			dependencies = (
			);
			name = Swift4CommandLine;
			productName = Swift4CommandLine;
			productReference = 3728ED101EEB94B900582BD8 /* Swift4CommandLine */;
			productType = "com.apple.product-type.tool";
		};
/* End PBXNativeTarget section */

/* Begin PBXProject section */
		3728ED081EEB94B900582BD8 /* Project object */ = {
			isa = PBXProject;
			attributes = {
				LastSwiftUpdateCheck = 0900;
				LastUpgradeCheck = 0900;
				ORGANIZATIONNAME = "刘乃彬";
				TargetAttributes = {
					3728ED0F1EEB94B900582BD8 = {
						CreatedOnToolsVersion = 9.0;
					};
				};
			};
			buildConfigurationList = 3728ED0B1EEB94B900582BD8 /* Build configuration list for PBXProject "Swift4CommandLine" */;
			compatibilityVersion = "Xcode 8.0";
			developmentRegion = en;
			hasScannedForEncodings = 0;
			knownRegions = (
				en,
			);
			mainGroup = 3728ED071EEB94B900582BD8;
			productRefGroup = 3728ED111EEB94B900582BD8 /* Products */;
			projectDirPath = "";
			projectRoot = "";
			targets = (
				3728ED0F1EEB94B900582BD8 /* Swift4CommandLine */,
			);
		};
/* End PBXProject section */

/* Begin PBXSourcesBuildPhase section */
		3728ED0C1EEB94B900582BD8 /* Sources */ = {
			isa = PBXSourcesBuildPhase;
			buildActionMask = 2147483647;
			files = (
				3728ED1F1EEBD25C00582BD8 /* Chapter3StringsAndCharacters.swift in Sources */,
				3728ED1B1EEB951500582BD8 /* Chapter1Basics.swift in Sources */,
				3728ED141EEB94B900582BD8 /* main.swift in Sources */,
				9D44CD281EEE6E450008B2F3 /* Chapter5ControlFlow.swift in Sources */,
				3728ED1D1EEBC88200582BD8 /* Chapter2BasicOperators.swift in Sources */,
				3728ED211EEBD87300582BD8 /* Chapter4CollectionTypes.swift in Sources */,
				9D44CD2A1EEE80F80008B2F3 /* Chapter6Functions.swift in Sources */,
			);
			runOnlyForDeploymentPostprocessing = 0;
		};
/* End PBXSourcesBuildPhase section */

/* Begin XCBuildConfiguration section */
		3728ED151EEB94B900582BD8 /* Debug */ = {
			isa = XCBuildConfiguration;
			buildSettings = {
				ALWAYS_SEARCH_USER_PATHS = NO;
				CLANG_ANALYZER_NONNULL = YES;
				CLANG_ANALYZER_NUMBER_OBJECT_CONVERSION = YES_AGGRESSIVE;
				CLANG_CXX_LANGUAGE_STANDARD = "gnu++14";
				CLANG_CXX_LIBRARY = "libc++";
				CLANG_ENABLE_MODULES = YES;
				CLANG_ENABLE_OBJC_ARC = YES;
				CLANG_WARN_BLOCK_CAPTURE_AUTORELEASING = YES;
				CLANG_WARN_BOOL_CONVERSION = YES;
				CLANG_WARN_COMMA = YES;
				CLANG_WARN_CONSTANT_CONVERSION = YES;
				CLANG_WARN_DIRECT_OBJC_ISA_USAGE = YES_ERROR;
				CLANG_WARN_DOCUMENTATION_COMMENTS = YES;
				CLANG_WARN_EMPTY_BODY = YES;
				CLANG_WARN_ENUM_CONVERSION = YES;
				CLANG_WARN_INFINITE_RECURSION = YES;
				CLANG_WARN_INT_CONVERSION = YES;
				CLANG_WARN_OBJC_ROOT_CLASS = YES_ERROR;
				CLANG_WARN_RANGE_LOOP_ANALYSIS = YES;
				CLANG_WARN_STRICT_PROTOTYPES = YES;
				CLANG_WARN_SUSPICIOUS_MOVE = YES;
				CLANG_WARN_UNGUARDED_AVAILABILITY = YES_AGGRESSIVE;
				CLANG_WARN_UNREACHABLE_CODE = YES;
				CLANG_WARN__DUPLICATE_METHOD_MATCH = YES;
				CODE_SIGN_IDENTITY = "Mac Developer";
				COPY_PHASE_STRIP = NO;
				DEBUG_INFORMATION_FORMAT = dwarf;
				ENABLE_STRICT_OBJC_MSGSEND = YES;
				ENABLE_TESTABILITY = YES;
				GCC_C_LANGUAGE_STANDARD = gnu11;
				GCC_DYNAMIC_NO_PIC = NO;
				GCC_NO_COMMON_BLOCKS = YES;
				GCC_OPTIMIZATION_LEVEL = 0;
				GCC_PREPROCESSOR_DEFINITIONS = (
					"DEBUG=1",
					"$(inherited)",
				);
				GCC_WARN_64_TO_32_BIT_CONVERSION = YES;
				GCC_WARN_ABOUT_RETURN_TYPE = YES_ERROR;
				GCC_WARN_UNDECLARED_SELECTOR = YES;
				GCC_WARN_UNINITIALIZED_AUTOS = YES_AGGRESSIVE;
				GCC_WARN_UNUSED_FUNCTION = YES;
				GCC_WARN_UNUSED_VARIABLE = YES;
				MACOSX_DEPLOYMENT_TARGET = 10.12;
				MTL_ENABLE_DEBUG_INFO = YES;
				ONLY_ACTIVE_ARCH = YES;
				SDKROOT = macosx;
				SWIFT_ACTIVE_COMPILATION_CONDITIONS = DEBUG;
				SWIFT_OPTIMIZATION_LEVEL = "-Onone";
			};
			name = Debug;
		};
		3728ED161EEB94B900582BD8 /* Release */ = {
			isa = XCBuildConfiguration;
			buildSettings = {
				ALWAYS_SEARCH_USER_PATHS = NO;
				CLANG_ANALYZER_NONNULL = YES;
				CLANG_ANALYZER_NUMBER_OBJECT_CONVERSION = YES_AGGRESSIVE;
				CLANG_CXX_LANGUAGE_STANDARD = "gnu++14";
				CLANG_CXX_LIBRARY = "libc++";
				CLANG_ENABLE_MODULES = YES;
				CLANG_ENABLE_OBJC_ARC = YES;
				CLANG_WARN_BLOCK_CAPTURE_AUTORELEASING = YES;
				CLANG_WARN_BOOL_CONVERSION = YES;
				CLANG_WARN_COMMA = YES;
				CLANG_WARN_CONSTANT_CONVERSION = YES;
				CLANG_WARN_DIRECT_OBJC_ISA_USAGE = YES_ERROR;
				CLANG_WARN_DOCUMENTATION_COMMENTS = YES;
				CLANG_WARN_EMPTY_BODY = YES;
				CLANG_WARN_ENUM_CONVERSION = YES;
				CLANG_WARN_INFINITE_RECURSION = YES;
				CLANG_WARN_INT_CONVERSION = YES;
				CLANG_WARN_OBJC_ROOT_CLASS = YES_ERROR;
				CLANG_WARN_RANGE_LOOP_ANALYSIS = YES;
				CLANG_WARN_STRICT_PROTOTYPES = YES;
				CLANG_WARN_SUSPICIOUS_MOVE = YES;
				CLANG_WARN_UNGUARDED_AVAILABILITY = YES_AGGRESSIVE;
				CLANG_WARN_UNREACHABLE_CODE = YES;
				CLANG_WARN__DUPLICATE_METHOD_MATCH = YES;
				CODE_SIGN_IDENTITY = "Mac Developer";
				COPY_PHASE_STRIP = NO;
				DEBUG_INFORMATION_FORMAT = "dwarf-with-dsym";
				ENABLE_NS_ASSERTIONS = NO;
				ENABLE_STRICT_OBJC_MSGSEND = YES;
				GCC_C_LANGUAGE_STANDARD = gnu11;
				GCC_NO_COMMON_BLOCKS = YES;
				GCC_WARN_64_TO_32_BIT_CONVERSION = YES;
				GCC_WARN_ABOUT_RETURN_TYPE = YES_ERROR;
				GCC_WARN_UNDECLARED_SELECTOR = YES;
				GCC_WARN_UNINITIALIZED_AUTOS = YES_AGGRESSIVE;
				GCC_WARN_UNUSED_FUNCTION = YES;
				GCC_WARN_UNUSED_VARIABLE = YES;
				MACOSX_DEPLOYMENT_TARGET = 10.12;
				MTL_ENABLE_DEBUG_INFO = NO;
				SDKROOT = macosx;
				SWIFT_OPTIMIZATION_LEVEL = "-Owholemodule";
			};
			name = Release;
		};
		3728ED181EEB94B900582BD8 /* Debug */ = {
			isa = XCBuildConfiguration;
			buildSettings = {
				DEVELOPMENT_TEAM = T58F77STV4;
				PRODUCT_NAME = "$(TARGET_NAME)";
				SWIFT_VERSION = 4.0;
			};
			name = Debug;
		};
		3728ED191EEB94B900582BD8 /* Release */ = {
			isa = XCBuildConfiguration;
			buildSettings = {
				DEVELOPMENT_TEAM = T58F77STV4;
				PRODUCT_NAME = "$(TARGET_NAME)";
				SWIFT_VERSION = 4.0;
			};
			name = Release;
		};
/* End XCBuildConfiguration section */

/* Begin XCConfigurationList section */
		3728ED0B1EEB94B900582BD8 /* Build configuration list for PBXProject "Swift4CommandLine" */ = {
			isa = XCConfigurationList;
			buildConfigurations = (
				3728ED151EEB94B900582BD8 /* Debug */,
				3728ED161EEB94B900582BD8 /* Release */,
			);
			defaultConfigurationIsVisible = 0;
			defaultConfigurationName = Release;
		};
		3728ED171EEB94B900582BD8 /* Build configuration list for PBXNativeTarget "Swift4CommandLine" */ = {
			isa = XCConfigurationList;
			buildConfigurations = (
				3728ED181EEB94B900582BD8 /* Debug */,
				3728ED191EEB94B900582BD8 /* Release */,
			);
			defaultConfigurationIsVisible = 0;
			defaultConfigurationName = Release;
		};
/* End XCConfigurationList section */
	};
	rootObject = 3728ED081EEB94B900582BD8 /* Project object */;
}
